
Microsoft Visual Studio Solution File, Format Version 12.00
# Visual Studio Version 17
VisualStudioVersion = 17.0.31903.59
MinimumVisualStudioVersion = 10.0.40219.1
Project("{FAE04EC0-301F-11D3-BF4B-00C04F79EFBC}") = "ECommerceApp.API", "ECommerceApp.API\ECommerceApp.API.csproj", "{9D75BF1E-14E3-44AC-AE2B-07FB64FB9099}"
EndProject
Project("{FAE04EC0-301F-11D3-BF4B-00C04F79EFBC}") = "ECommerceApp.Core", "ECommerceApp.Core\ECommerceApp.Core.csproj", "{A2DBC9C2-43AC-47A9-A581-9F48F02BAEB5}"
EndProject
Project("{FAE04EC0-301F-11D3-BF4B-00C04F79EFBC}") = "ECommerceApp.Infrastructure", "ECommerceApp.Infrastructure\ECommerceApp.Infrastructure.csproj", "{94C1A687-25A2-4561-BDEA-F7AC1BE54207}"
EndProject
Project("{FAE04EC0-301F-11D3-BF4B-00C04F79EFBC}") = "ECommerceApp.Application", "ECommerceApp.Application\ECommerceApp.Application.csproj", "{EE49850F-BFC5-4B04-ADA7-DC287FA109B6}"
EndProject
Project("{FAE04EC0-301F-11D3-BF4B-00C04F79EFBC}") = "ECommerceApp.Tests", "ECommerceApp.Tests\ECommerceApp.Tests.csproj", "{A343DD54-90B1-4134-9BAB-B827B31F8FC3}"
EndProject
Global
	GlobalSection(SolutionConfigurationPlatforms) = preSolution
		Debug|Any CPU = Debug|Any CPU
		Debug|x64 = Debug|x64
		Debug|x86 = Debug|x86
		Release|Any CPU = Release|Any CPU
		Release|x64 = Release|x64
		Release|x86 = Release|x86
	EndGlobalSection
	GlobalSection(ProjectConfigurationPlatforms) = postSolution
		{9D75BF1E-14E3-44AC-AE2B-07FB64FB9099}.Debug|Any CPU.ActiveCfg = Debug|Any CPU
		{9D75BF1E-14E3-44AC-AE2B-07FB64FB9099}.Debug|Any CPU.Build.0 = Debug|Any CPU
		{9D75BF1E-14E3-44AC-AE2B-07FB64FB9099}.Debug|x64.ActiveCfg = Debug|Any CPU
		{9D75BF1E-14E3-44AC-AE2B-07FB64FB9099}.Debug|x64.Build.0 = Debug|Any CPU
		{9D75BF1E-14E3-44AC-AE2B-07FB64FB9099}.Debug|x86.ActiveCfg = Debug|Any CPU
		{9D75BF1E-14E3-44AC-AE2B-07FB64FB9099}.Debug|x86.Build.0 = Debug|Any CPU
		{9D75BF1E-14E3-44AC-AE2B-07FB64FB9099}.Release|Any CPU.ActiveCfg = Release|Any CPU
		{9D75BF1E-14E3-44AC-AE2B-07FB64FB9099}.Release|Any CPU.Build.0 = Release|Any CPU
		{9D75BF1E-14E3-44AC-AE2B-07FB64FB9099}.Release|x64.ActiveCfg = Release|Any CPU
		{9D75BF1E-14E3-44AC-AE2B-07FB64FB9099}.Release|x64.Build.0 = Release|Any CPU
		{9D75BF1E-14E3-44AC-AE2B-07FB64FB9099}.Release|x86.ActiveCfg = Release|Any CPU
		{9D75BF1E-14E3-44AC-AE2B-07FB64FB9099}.Release|x86.Build.0 = Release|Any CPU
		{A2DBC9C2-43AC-47A9-A581-9F48F02BAEB5}.Debug|Any CPU.ActiveCfg = Debug|Any CPU
		{A2DBC9C2-43AC-47A9-A581-9F48F02BAEB5}.Debug|Any CPU.Build.0 = Debug|Any CPU
		{A2DBC9C2-43AC-47A9-A581-9F48F02BAEB5}.Debug|x64.ActiveCfg = Debug|Any CPU
		{A2DBC9C2-43AC-47A9-A581-9F48F02BAEB5}.Debug|x64.Build.0 = Debug|Any CPU
		{A2DBC9C2-43AC-47A9-A581-9F48F02BAEB5}.Debug|x86.ActiveCfg = Debug|Any CPU
		{A2DBC9C2-43AC-47A9-A581-9F48F02BAEB5}.Debug|x86.Build.0 = Debug|Any CPU
		{A2DBC9C2-43AC-47A9-A581-9F48F02BAEB5}.Release|Any CPU.ActiveCfg = Release|Any CPU
		{A2DBC9C2-43AC-47A9-A581-9F48F02BAEB5}.Release|Any CPU.Build.0 = Release|Any CPU
		{A2DBC9C2-43AC-47A9-A581-9F48F02BAEB5}.Release|x64.ActiveCfg = Release|Any CPU
		{A2DBC9C2-43AC-47A9-A581-9F48F02BAEB5}.Release|x64.Build.0 = Release|Any CPU
		{A2DBC9C2-43AC-47A9-A581-9F48F02BAEB5}.Release|x86.ActiveCfg = Release|Any CPU
		{A2DBC9C2-43AC-47A9-A581-9F48F02BAEB5}.Release|x86.Build.0 = Release|Any CPU
		{94C1A687-25A2-4561-BDEA-F7AC1BE54207}.Debug|Any CPU.ActiveCfg = Debug|Any CPU
		{94C1A687-25A2-4561-BDEA-F7AC1BE54207}.Debug|Any CPU.Build.0 = Debug|Any CPU
		{94C1A687-25A2-4561-BDEA-F7AC1BE54207}.Debug|x64.ActiveCfg = Debug|Any CPU
		{94C1A687-25A2-4561-BDEA-F7AC1BE54207}.Debug|x64.Build.0 = Debug|Any CPU
		{94C1A687-25A2-4561-BDEA-F7AC1BE54207}.Debug|x86.ActiveCfg = Debug|Any CPU
		{94C1A687-25A2-4561-BDEA-F7AC1BE54207}.Debug|x86.Build.0 = Debug|Any CPU
		{94C1A687-25A2-4561-BDEA-F7AC1BE54207}.Release|Any CPU.ActiveCfg = Release|Any CPU
		{94C1A687-25A2-4561-BDEA-F7AC1BE54207}.Release|Any CPU.Build.0 = Release|Any CPU
		{94C1A687-25A2-4561-BDEA-F7AC1BE54207}.Release|x64.ActiveCfg = Release|Any CPU
		{94C1A687-25A2-4561-BDEA-F7AC1BE54207}.Release|x64.Build.0 = Release|Any CPU
		{94C1A687-25A2-4561-BDEA-F7AC1BE54207}.Release|x86.ActiveCfg = Release|Any CPU
		{94C1A687-25A2-4561-BDEA-F7AC1BE54207}.Release|x86.Build.0 = Release|Any CPU
		{EE49850F-BFC5-4B04-ADA7-DC287FA109B6}.Debug|Any CPU.ActiveCfg = Debug|Any CPU
		{EE49850F-BFC5-4B04-ADA7-DC287FA109B6}.Debug|Any CPU.Build.0 = Debug|Any CPU
		{EE49850F-BFC5-4B04-ADA7-DC287FA109B6}.Debug|x64.ActiveCfg = Debug|Any CPU
		{EE49850F-BFC5-4B04-ADA7-DC287FA109B6}.Debug|x64.Build.0 = Debug|Any CPU
		{EE49850F-BFC5-4B04-ADA7-DC287FA109B6}.Debug|x86.ActiveCfg = Debug|Any CPU
		{EE49850F-BFC5-4B04-ADA7-DC287FA109B6}.Debug|x86.Build.0 = Debug|Any CPU
		{EE49850F-BFC5-4B04-ADA7-DC287FA109B6}.Release|Any CPU.ActiveCfg = Release|Any CPU
		{EE49850F-BFC5-4B04-ADA7-DC287FA109B6}.Release|Any CPU.Build.0 = Release|Any CPU
		{EE49850F-BFC5-4B04-ADA7-DC287FA109B6}.Release|x64.ActiveCfg = Release|Any CPU
		{EE49850F-BFC5-4B04-ADA7-DC287FA109B6}.Release|x64.Build.0 = Release|Any CPU
		{EE49850F-BFC5-4B04-ADA7-DC287FA109B6}.Release|x86.ActiveCfg = Release|Any CPU
		{EE49850F-BFC5-4B04-ADA7-DC287FA109B6}.Release|x86.Build.0 = Release|Any CPU
		{A343DD54-90B1-4134-9BAB-B827B31F8FC3}.Debug|Any CPU.ActiveCfg = Debug|Any CPU
		{A343DD54-90B1-4134-9BAB-B827B31F8FC3}.Debug|Any CPU.Build.0 = Debug|Any CPU
		{A343DD54-90B1-4134-9BAB-B827B31F8FC3}.Debug|x64.ActiveCfg = Debug|Any CPU
		{A343DD54-90B1-4134-9BAB-B827B31F8FC3}.Debug|x64.Build.0 = Debug|Any CPU
		{A343DD54-90B1-4134-9BAB-B827B31F8FC3}.Debug|x86.ActiveCfg = Debug|Any CPU
		{A343DD54-90B1-4134-9BAB-B827B31F8FC3}.Debug|x86.Build.0 = Debug|Any CPU
		{A343DD54-90B1-4134-9BAB-B827B31F8FC3}.Release|Any CPU.ActiveCfg = Release|Any CPU
		{A343DD54-90B1-4134-9BAB-B827B31F8FC3}.Release|Any CPU.Build.0 = Release|Any CPU
		{A343DD54-90B1-4134-9BAB-B827B31F8FC3}.Release|x64.ActiveCfg = Release|Any CPU
		{A343DD54-90B1-4134-9BAB-B827B31F8FC3}.Release|x64.Build.0 = Release|Any CPU
		{A343DD54-90B1-4134-9BAB-B827B31F8FC3}.Release|x86.ActiveCfg = Release|Any CPU
		{A343DD54-90B1-4134-9BAB-B827B31F8FC3}.Release|x86.Build.0 = Release|Any CPU
	EndGlobalSection
	GlobalSection(SolutionProperties) = preSolution
		HideSolutionNode = FALSE
	EndGlobalSection
EndGlobal
